
Microsoft Visual Studio Solution File, Format Version 12.00
# Visual Studio Version 17
VisualStudioVersion = 17.3.32929.385
MinimumVisualStudioVersion = 10.0.40219.1
Project("{9A19103F-16F7-4668-BE54-9A1E7A4F7556}") = "L3AQTN_HFT_202231.Client", "L3AQTN_HFT_202231.Client\L3AQTN_HFT_202231.Client.csproj", "{25799DAA-1DC9-455E-9AF0-9F78F61F58AC}"
EndProject
Project("{9A19103F-16F7-4668-BE54-9A1E7A4F7556}") = "L3AQTN_HFT_202231.Models", "L3AQTN_HFT_202231.Models\L3AQTN_HFT_202231.Models.csproj", "{4B336D8D-4EB3-4B96-994A-FEADB6755C96}"
EndProject
Project("{9A19103F-16F7-4668-BE54-9A1E7A4F7556}") = "L3AQTN_HFT_202231.Logic", "L3AQTN_HFT_202231.Logic\L3AQTN_HFT_202231.Logic.csproj", "{00590787-5332-43D4-8B40-84D88CDEF816}"
EndProject
Project("{9A19103F-16F7-4668-BE54-9A1E7A4F7556}") = "L3AQTN_HFT_202231.Repository", "L3AQTN_HFT_202231.Repository\L3AQTN_HFT_202231.Repository.csproj", "{EFC2954A-3A9B-471C-AD08-FCC6C7BB8E79}"
EndProject
Project("{9A19103F-16F7-4668-BE54-9A1E7A4F7556}") = "L3AQTN_HFT_202231.Test", "L3AQTN_HFT_202231.Test\L3AQTN_HFT_202231.Test.csproj", "{CCCF3285-932C-4B2F-875D-802883E03525}"
EndProject
Project("{2150E333-8FDC-42A3-9474-1A3956D46DE8}") = "Backend", "Backend", "{AF134D57-3DE0-4571-A69B-4D114FE86BEB}"
EndProject
Project("{2150E333-8FDC-42A3-9474-1A3956D46DE8}") = "Frontend", "Frontend", "{4F842791-B387-4454-BF58-AD9EAD90A833}"
EndProject
Project("{2150E333-8FDC-42A3-9474-1A3956D46DE8}") = "Shared", "Shared", "{B54621B3-64DB-47D2-906A-909B6B3F57BB}"
EndProject
Project("{FAE04EC0-301F-11D3-BF4B-00C04F79EFBC}") = "L3AQTN_HFT202231.Endpoint", "L3AQTN_HFT202231.Endpoint\L3AQTN_HFT202231.Endpoint.csproj", "{AB7013C4-7031-43C0-BE23-B35FDC81CA33}"
EndProject
Global
	GlobalSection(SolutionConfigurationPlatforms) = preSolution
		Debug|Any CPU = Debug|Any CPU
		Release|Any CPU = Release|Any CPU
	EndGlobalSection
	GlobalSection(ProjectConfigurationPlatforms) = postSolution
		{25799DAA-1DC9-455E-9AF0-9F78F61F58AC}.Debug|Any CPU.ActiveCfg = Debug|Any CPU
		{25799DAA-1DC9-455E-9AF0-9F78F61F58AC}.Debug|Any CPU.Build.0 = Debug|Any CPU
		{25799DAA-1DC9-455E-9AF0-9F78F61F58AC}.Release|Any CPU.ActiveCfg = Release|Any CPU
		{25799DAA-1DC9-455E-9AF0-9F78F61F58AC}.Release|Any CPU.Build.0 = Release|Any CPU
		{4B336D8D-4EB3-4B96-994A-FEADB6755C96}.Debug|Any CPU.ActiveCfg = Debug|Any CPU
		{4B336D8D-4EB3-4B96-994A-FEADB6755C96}.Debug|Any CPU.Build.0 = Debug|Any CPU
		{4B336D8D-4EB3-4B96-994A-FEADB6755C96}.Release|Any CPU.ActiveCfg = Release|Any CPU
		{4B336D8D-4EB3-4B96-994A-FEADB6755C96}.Release|Any CPU.Build.0 = Release|Any CPU
		{00590787-5332-43D4-8B40-84D88CDEF816}.Debug|Any CPU.ActiveCfg = Debug|Any CPU
		{00590787-5332-43D4-8B40-84D88CDEF816}.Debug|Any CPU.Build.0 = Debug|Any CPU
		{00590787-5332-43D4-8B40-84D88CDEF816}.Release|Any CPU.ActiveCfg = Release|Any CPU
		{00590787-5332-43D4-8B40-84D88CDEF816}.Release|Any CPU.Build.0 = Release|Any CPU
		{EFC2954A-3A9B-471C-AD08-FCC6C7BB8E79}.Debug|Any CPU.ActiveCfg = Debug|Any CPU
		{EFC2954A-3A9B-471C-AD08-FCC6C7BB8E79}.Debug|Any CPU.Build.0 = Debug|Any CPU
		{EFC2954A-3A9B-471C-AD08-FCC6C7BB8E79}.Release|Any CPU.ActiveCfg = Release|Any CPU
		{EFC2954A-3A9B-471C-AD08-FCC6C7BB8E79}.Release|Any CPU.Build.0 = Release|Any CPU
		{CCCF3285-932C-4B2F-875D-802883E03525}.Debug|Any CPU.ActiveCfg = Debug|Any CPU
		{CCCF3285-932C-4B2F-875D-802883E03525}.Debug|Any CPU.Build.0 = Debug|Any CPU
		{CCCF3285-932C-4B2F-875D-802883E03525}.Release|Any CPU.ActiveCfg = Release|Any CPU
		{CCCF3285-932C-4B2F-875D-802883E03525}.Release|Any CPU.Build.0 = Release|Any CPU
		{AB7013C4-7031-43C0-BE23-B35FDC81CA33}.Debug|Any CPU.ActiveCfg = Debug|Any CPU
		{AB7013C4-7031-43C0-BE23-B35FDC81CA33}.Debug|Any CPU.Build.0 = Debug|Any CPU
		{AB7013C4-7031-43C0-BE23-B35FDC81CA33}.Release|Any CPU.ActiveCfg = Release|Any CPU
		{AB7013C4-7031-43C0-BE23-B35FDC81CA33}.Release|Any CPU.Build.0 = Release|Any CPU
	EndGlobalSection
	GlobalSection(SolutionProperties) = preSolution
		HideSolutionNode = FALSE
	EndGlobalSection
	GlobalSection(NestedProjects) = preSolution
		{25799DAA-1DC9-455E-9AF0-9F78F61F58AC} = {4F842791-B387-4454-BF58-AD9EAD90A833}
		{4B336D8D-4EB3-4B96-994A-FEADB6755C96} = {B54621B3-64DB-47D2-906A-909B6B3F57BB}
		{00590787-5332-43D4-8B40-84D88CDEF816} = {AF134D57-3DE0-4571-A69B-4D114FE86BEB}
		{EFC2954A-3A9B-471C-AD08-FCC6C7BB8E79} = {AF134D57-3DE0-4571-A69B-4D114FE86BEB}
		{CCCF3285-932C-4B2F-875D-802883E03525} = {AF134D57-3DE0-4571-A69B-4D114FE86BEB}
		{AB7013C4-7031-43C0-BE23-B35FDC81CA33} = {AF134D57-3DE0-4571-A69B-4D114FE86BEB}
	EndGlobalSection
	GlobalSection(ExtensibilityGlobals) = postSolution
		SolutionGuid = {4D756C49-E4AF-4A4D-9D39-A84731606D90}
	EndGlobalSection
EndGlobal
